
Microsoft Visual Studio Solution File, Format Version 12.00
# Visual Studio 15
Project("{FAE04EC0-301F-11D3-BF4B-00C04F79EFBC}") = "Assembly-CSharp", "Assembly-CSharp.csproj", "{DBE1C247-2756-6A57-0061-FA7FF83FB88B}"
EndProject
Global
	GlobalSection(SolutionConfigurationPlatforms) = preSolution
		Debug|Any CPU = Debug|Any CPU
		Release|Any CPU = Release|Any CPU
	EndGlobalSection
	GlobalSection(ProjectConfigurationPlatforms) = postSolution
		{DBE1C247-2756-6A57-0061-FA7FF83FB88B}.Debug|Any CPU.ActiveCfg = Debug|Any CPU
		{DBE1C247-2756-6A57-0061-FA7FF83FB88B}.Debug|Any CPU.Build.0 = Debug|Any CPU
		{DBE1C247-2756-6A57-0061-FA7FF83FB88B}.Release|Any CPU.ActiveCfg = Release|Any CPU
		{DBE1C247-2756-6A57-0061-FA7FF83FB88B}.Release|Any CPU.Build.0 = Release|Any CPU
	EndGlobalSection
	GlobalSection(SolutionProperties) = preSolution
		HideSolutionNode = FALSE
	EndGlobalSection
EndGlobal
